
Microsoft Visual Studio Solution File, Format Version 12.00
# Visual Studio Version 17
VisualStudioVersion = 17.1.32421.90
MinimumVisualStudioVersion = 10.0.40219.1
Project("{FAE04EC0-301F-11D3-BF4B-00C04F79EFBC}") = "WinFormClient", "WinFormClient\WinFormClient.csproj", "{CA630720-5116-46A0-BB62-55CD418A0C79}"
EndProject
Global
	GlobalSection(SolutionConfigurationPlatforms) = preSolution
		Debug|Any CPU = Debug|Any CPU
		Release|Any CPU = Release|Any CPU
	EndGlobalSection
	GlobalSection(ProjectConfigurationPlatforms) = postSolution
		{CA630720-5116-46A0-BB62-55CD418A0C79}.Debug|Any CPU.ActiveCfg = Debug|Any CPU
		{CA630720-5116-46A0-BB62-55CD418A0C79}.Debug|Any CPU.Build.0 = Debug|Any CPU
		{CA630720-5116-46A0-BB62-55CD418A0C79}.Release|Any CPU.ActiveCfg = Release|Any CPU
		{CA630720-5116-46A0-BB62-55CD418A0C79}.Release|Any CPU.Build.0 = Release|Any CPU
	EndGlobalSection
	GlobalSection(SolutionProperties) = preSolution
		HideSolutionNode = FALSE
	EndGlobalSection
	GlobalSection(ExtensibilityGlobals) = postSolution
		SolutionGuid = {029AC7F0-E563-4CF6-A319-E2CA82889347}
	EndGlobalSection
EndGlobal
