
Microsoft Visual Studio Solution File, Format Version 12.00
# Visual Studio Version 17
VisualStudioVersion = 17.1.32421.90
MinimumVisualStudioVersion = 10.0.40219.1
Project("{FAE04EC0-301F-11D3-BF4B-00C04F79EFBC}") = "WebAPI", "WebAPI\WebAPI.csproj", "{E25CFA94-39CF-40CC-9583-2C4AD7F1D893}"
EndProject
Project("{FAE04EC0-301F-11D3-BF4B-00C04F79EFBC}") = "BLL", "BLL\BLL.csproj", "{920FC5B7-093A-4A9A-96CE-244514D26344}"
EndProject
Project("{FAE04EC0-301F-11D3-BF4B-00C04F79EFBC}") = "DAL", "DAL\DAL.csproj", "{A71BF8F9-E213-41FA-8833-4434C638079A}"
EndProject
Global
	GlobalSection(SolutionConfigurationPlatforms) = preSolution
		Debug|Any CPU = Debug|Any CPU
		Release|Any CPU = Release|Any CPU
	EndGlobalSection
	GlobalSection(ProjectConfigurationPlatforms) = postSolution
		{E25CFA94-39CF-40CC-9583-2C4AD7F1D893}.Debug|Any CPU.ActiveCfg = Debug|Any CPU
		{E25CFA94-39CF-40CC-9583-2C4AD7F1D893}.Debug|Any CPU.Build.0 = Debug|Any CPU
		{E25CFA94-39CF-40CC-9583-2C4AD7F1D893}.Release|Any CPU.ActiveCfg = Release|Any CPU
		{E25CFA94-39CF-40CC-9583-2C4AD7F1D893}.Release|Any CPU.Build.0 = Release|Any CPU
		{920FC5B7-093A-4A9A-96CE-244514D26344}.Debug|Any CPU.ActiveCfg = Debug|Any CPU
		{920FC5B7-093A-4A9A-96CE-244514D26344}.Debug|Any CPU.Build.0 = Debug|Any CPU
		{920FC5B7-093A-4A9A-96CE-244514D26344}.Release|Any CPU.ActiveCfg = Release|Any CPU
		{920FC5B7-093A-4A9A-96CE-244514D26344}.Release|Any CPU.Build.0 = Release|Any CPU
		{A71BF8F9-E213-41FA-8833-4434C638079A}.Debug|Any CPU.ActiveCfg = Debug|Any CPU
		{A71BF8F9-E213-41FA-8833-4434C638079A}.Debug|Any CPU.Build.0 = Debug|Any CPU
		{A71BF8F9-E213-41FA-8833-4434C638079A}.Release|Any CPU.ActiveCfg = Release|Any CPU
		{A71BF8F9-E213-41FA-8833-4434C638079A}.Release|Any CPU.Build.0 = Release|Any CPU
	EndGlobalSection
	GlobalSection(SolutionProperties) = preSolution
		HideSolutionNode = FALSE
	EndGlobalSection
	GlobalSection(ExtensibilityGlobals) = postSolution
		SolutionGuid = {A5B8FD79-A96A-4CEC-97AC-D6D50FE2A2D1}
	EndGlobalSection
EndGlobal
